# THIS IS AN AUTOGENERATED FILE. DO NOT EDIT THIS FILE DIRECTLY.
# yarn lockfile v1


find-exec@1.0.1:
  version "1.0.1"
  resolved "https://registry.yarnpkg.com/find-exec/-/find-exec-1.0.1.tgz#c7cc26d6eed293f05542796d32d20094672902d1"
  integrity sha512-4o6QkGkpg3xK5s/47rdK9LDZRsE4JR1mrXnaAOXBngG6UKeIDJXfwtNCAkljgyy6VRh75D3FFaB0tii9vDEtIA==

play-sound@^1.1.4:
  version "1.1.4"
  resolved "https://registry.yarnpkg.com/play-sound/-/play-sound-1.1.4.tgz#122b4ab6eec5c96fa1c7e5dd64ec0373e473f2fb"
  integrity sha512-ug9dFhOY3AWcuqPx1IImqN0Oxir2NXXKQpHoKzjVcHCB12G4mgX0FwTFW2dkTbi1j9zD0VK3GEJs40ykuI99/Q==
  dependencies:
    find-exec "1.0.1"
