# THIS IS AN AUTOGENERATED FILE. DO NOT EDIT THIS FILE DIRECTLY.
# yarn lockfile v1


find-exec@1.0.3:
  version "1.0.3"
  resolved "https://registry.yarnpkg.com/find-exec/-/find-exec-1.0.3.tgz#c4b18f795968f1730060776fc52f829b977ad29e"
  integrity sha512-gnG38zW90mS8hm5smNcrBnakPEt+cGJoiMkJwCU0IYnEb0H2NQk0NIljhNW+48oniCriFek/PH6QXbwsJo/qug==
  dependencies:
    shell-quote "^1.8.1"

play-sound@^1.1.6:
  version "1.1.6"
  resolved "https://registry.yarnpkg.com/play-sound/-/play-sound-1.1.6.tgz#e62ed9daf8506aba959e8fd267c49d9b979d89fa"
  integrity sha512-09eO4QiXNFXJffJaOW5P6x6F5RLihpLUkXttvUZeWml0fU6x6Zp7AjG9zaeMpgH2ZNvq4GR1ytB22ddYcqJIZA==
  dependencies:
    find-exec "1.0.3"

shell-quote@^1.8.1:
  version "1.8.1"
  resolved "https://registry.yarnpkg.com/shell-quote/-/shell-quote-1.8.1.tgz#6dbf4db75515ad5bac63b4f1894c3a154c766680"
  integrity sha512-6j1W9l1iAs/4xYBI1SYOVZyFcCis9b4KCLQ8fgAGG07QvzaRLVVRQvAy85yNmmZSjYjg4MWh4gNvlPujU/5LpA==
